// !$*UTF8*$!
{
	archiveVersion = 1;
	classes = {
	};
	objectVersion = 48;
	objects = {

/* Begin PBXBuildFile section */
		D4ABEEAF1FD8AFB000B4F152 /* AppDelegate.swift in Sources */ = {isa = PBXBuildFile; fileRef = D4ABEEAE1FD8AFB000B4F152 /* AppDelegate.swift */; };
		D4ABEEB11FD8AFB000B4F152 /* ViewController.swift in Sources */ = {isa = PBXBuildFile; fileRef = D4ABEEB01FD8AFB000B4F152 /* ViewController.swift */; };
		D4ABEEB41FD8AFB000B4F152 /* Main.storyboard in Resources */ = {isa = PBXBuildFile; fileRef = D4ABEEB21FD8AFB000B4F152 /* Main.storyboard */; };
		D4ABEEB61FD8AFB000B4F152 /* Assets.xcassets in Resources */ = {isa = PBXBuildFile; fileRef = D4ABEEB51FD8AFB000B4F152 /* Assets.xcassets */; };
		D4ABEEB91FD8AFB000B4F152 /* LaunchScreen.storyboard in Resources */ = {isa = PBXBuildFile; fileRef = D4ABEEB71FD8AFB000B4F152 /* LaunchScreen.storyboard */; };
/* End PBXBuildFile section */

/* Begin PBXFileReference section */
		D4ABEEAB1FD8AFB000B4F152 /* arabGleezi.app */ = {isa = PBXFileReference; explicitFileType = wrapper.application; includeInIndex = 0; path = arabGleezi.app; sourceTree = BUILT_PRODUCTS_DIR; };
		D4ABEEAE1FD8AFB000B4F152 /* AppDelegate.swift */ = {isa = PBXFileReference; lastKnownFileType = sourcecode.swift; path = AppDelegate.swift; sourceTree = "<group>"; };
		D4ABEEB01FD8AFB000B4F152 /* ViewController.swift */ = {isa = PBXFileReference; lastKnownFileType = sourcecode.swift; path = ViewController.swift; sourceTree = "<group>"; };
		D4ABEEB31FD8AFB000B4F152 /* Base */ = {isa = PBXFileReference; lastKnownFileType = file.storyboard; name = Base; path = Base.lproj/Main.storyboard; sourceTree = "<group>"; };
		D4ABEEB51FD8AFB000B4F152 /* Assets.xcassets */ = {isa = PBXFileReference; lastKnownFileType = folder.assetcatalog; path = Assets.xcassets; sourceTree = "<group>"; };
		D4ABEEB81FD8AFB000B4F152 /* Base */ = {isa = PBXFileReference; lastKnownFileType = file.storyboard; name = Base; path = Base.lproj/LaunchScreen.storyboard; sourceTree = "<group>"; };
		D4ABEEBA1FD8AFB000B4F152 /* Info.plist */ = {isa = PBXFileReference; lastKnownFileType = text.plist.xml; path = Info.plist; sourceTree = "<group>"; };
/* End PBXFileReference section */

/* Begin PBXFrameworksBuildPhase section */
		D4ABEEA81FD8AFB000B4F152 /* Frameworks */ = {
			isa = PBXFrameworksBuildPhase;
			buildActionMask = 2147483647;
			files = (
			);
			runOnlyForDeploymentPostprocessing = 0;
		};
/* End PBXFrameworksBuildPhase section */

/* Begin PBXGroup section */
		D4ABEEA21FD8AFB000B4F152 = {
			isa = PBXGroup;
			children = (
				D4ABEEAD1FD8AFB000B4F152 /* arabGleezi */,
				D4ABEEAC1FD8AFB000B4F152 /* Products */,
			);
			sourceTree = "<group>";
		};
		D4ABEEAC1FD8AFB000B4F152 /* Products */ = {
			isa = PBXGroup;
			children = (
				D4ABEEAB1FD8AFB000B4F152 /* arabGleezi.app */,
			);
			name = Products;
			sourceTree = "<group>";
		};
		D4ABEEAD1FD8AFB000B4F152 /* arabGleezi */ = {
			isa = PBXGroup;
			children = (
				D4ABEEAE1FD8AFB000B4F152 /* AppDelegate.swift */,
				D4ABEEB01FD8AFB000B4F152 /* ViewController.swift */,
				D4ABEEB21FD8AFB000B4F152 /* Main.storyboard */,
				D4ABEEB51FD8AFB000B4F152 /* Assets.xcassets */,
				D4ABEEB71FD8AFB000B4F152 /* LaunchScreen.storyboard */,
				D4ABEEBA1FD8AFB000B4F152 /* Info.plist */,
			);
			path = arabGleezi;
			sourceTree = "<group>";
		};
/* End PBXGroup section */

/* Begin PBXNativeTarget section */
		D4ABEEAA1FD8AFB000B4F152 /* arabGleezi */ = {
			isa = PBXNativeTarget;
			buildConfigurationList = D4ABEEBD1FD8AFB000B4F152 /* Build configuration list for PBXNativeTarget "arabGleezi" */;
			buildPhases = (
				D4ABEEA71FD8AFB000B4F152 /* Sources */,
				D4ABEEA81FD8AFB000B4F152 /* Frameworks */,
				D4ABEEA91FD8AFB000B4F152 /* Resources */,
			);
			buildRules = (
			);
			dependencies = (
			);
			name = arabGleezi;
			productName = arabGleezi;
			productReference = D4ABEEAB1FD8AFB000B4F152 /* arabGleezi.app */;
			productType = "com.apple.product-type.application";
		};
/* End PBXNativeTarget section */

/* Begin PBXProject section */
		D4ABEEA31FD8AFB000B4F152 /* Project object */ = {
			isa = PBXProject;
			attributes = {
				LastSwiftUpdateCheck = 0910;
				LastUpgradeCheck = 0910;
				ORGANIZATIONNAME = "Waddah Aldrobi";
				TargetAttributes = {
					D4ABEEAA1FD8AFB000B4F152 = {
						CreatedOnToolsVersion = 9.1;
						ProvisioningStyle = Automatic;
					};
				};
			};
			buildConfigurationList = D4ABEEA61FD8AFB000B4F152 /* Build configuration list for PBXProject "arabGleezi" */;
			compatibilityVersion = "Xcode 8.0";
			developmentRegion = en;
			hasScannedForEncodings = 0;
			knownRegions = (
				en,
				Base,
			);
			mainGroup = D4ABEEA21FD8AFB000B4F152;
			productRefGroup = D4ABEEAC1FD8AFB000B4F152 /* Products */;
			projectDirPath = "";
			projectRoot = "";
			targets = (
				D4ABEEAA1FD8AFB000B4F152 /* arabGleezi */,
			);
		};
/* End PBXProject section */

/* Begin PBXResourcesBuildPhase section */
		D4ABEEA91FD8AFB000B4F152 /* Resources */ = {
			isa = PBXResourcesBuildPhase;
			buildActionMask = 2147483647;
			files = (
				D4ABEEB91FD8AFB000B4F152 /* LaunchScreen.storyboard in Resources */,
				D4ABEEB61FD8AFB000B4F152 /* Assets.xcassets in Resources */,
				D4ABEEB41FD8AFB000B4F152 /* Main.storyboard in Resources */,
			);
			runOnlyForDeploymentPostprocessing = 0;
		};
/* End PBXResourcesBuildPhase section */

/* Begin PBXSourcesBuildPhase section */
		D4ABEEA71FD8AFB000B4F152 /* Sources */ = {
			isa = PBXSourcesBuildPhase;
			buildActionMask = 2147483647;
			files = (
				D4ABEEB11FD8AFB000B4F152 /* ViewController.swift in Sources */,
				D4ABEEAF1FD8AFB000B4F152 /* AppDelegate.swift in Sources */,
			);
			runOnlyForDeploymentPostprocessing = 0;
		};
/* End PBXSourcesBuildPhase section */

/* Begin PBXVariantGroup section */
		D4ABEEB21FD8AFB000B4F152 /* Main.storyboard */ = {
			isa = PBXVariantGroup;
			children = (
				D4ABEEB31FD8AFB000B4F152 /* Base */,
			);
			name = Main.storyboard;
			sourceTree = "<group>";
		};
		D4ABEEB71FD8AFB000B4F152 /* LaunchScreen.storyboard */ = {
			isa = PBXVariantGroup;
			children = (
				D4ABEEB81FD8AFB000B4F152 /* Base */,
			);
			name = LaunchScreen.storyboard;
			sourceTree = "<group>";
		};
/* End PBXVariantGroup section */

/* Begin XCBuildConfiguration section */
		D4ABEEBB1FD8AFB000B4F152 /* Debug */ = {
			isa = XCBuildConfiguration;
			buildSettings = {
				ALWAYS_SEARCH_USER_PATHS = NO;
				CLANG_ANALYZER_NONNULL = YES;
				CLANG_ANALYZER_NUMBER_OBJECT_CONVERSION = YES_AGGRESSIVE;
				CLANG_CXX_LANGUAGE_STANDARD = "gnu++14";
				CLANG_CXX_LIBRARY = "libc++";
				CLANG_ENABLE_MODULES = YES;
				CLANG_ENABLE_OBJC_ARC = YES;
				CLANG_WARN_BLOCK_CAPTURE_AUTORELEASING = YES;
				CLANG_WARN_BOOL_CONVERSION = YES;
				CLANG_WARN_COMMA = YES;
				CLANG_WARN_CONSTANT_CONVERSION = YES;
				CLANG_WARN_DIRECT_OBJC_ISA_USAGE = YES_ERROR;
				CLANG_WARN_DOCUMENTATION_COMMENTS = YES;
				CLANG_WARN_EMPTY_BODY = YES;
				CLANG_WARN_ENUM_CONVERSION = YES;
				CLANG_WARN_INFINITE_RECURSION = YES;
				CLANG_WARN_INT_CONVERSION = YES;
				CLANG_WARN_NON_LITERAL_NULL_CONVERSION = YES;
				CLANG_WARN_OBJC_LITERAL_CONVERSION = YES;
				CLANG_WARN_OBJC_ROOT_CLASS = YES_ERROR;
				CLANG_WARN_RANGE_LOOP_ANALYSIS = YES;
				CLANG_WARN_STRICT_PROTOTYPES = YES;
				CLANG_WARN_SUSPICIOUS_MOVE = YES;
				CLANG_WARN_UNGUARDED_AVAILABILITY = YES_AGGRESSIVE;
				CLANG_WARN_UNREACHABLE_CODE = YES;
				CLANG_WARN__DUPLICATE_METHOD_MATCH = YES;
				CODE_SIGN_IDENTITY = "iPhone Developer";
				COPY_PHASE_STRIP = NO;
				DEBUG_INFORMATION_FORMAT = dwarf;
				ENABLE_STRICT_OBJC_MSGSEND = YES;
				ENABLE_TESTABILITY = YES;
				GCC_C_LANGUAGE_STANDARD = gnu11;
				GCC_DYNAMIC_NO_PIC = NO;
				GCC_NO_COMMON_BLOCKS = YES;
				GCC_OPTIMIZATION_LEVEL = 0;
				GCC_PREPROCESSOR_DEFINITIONS = (
					"DEBUG=1",
					"$(inherited)",
				);
				GCC_WARN_64_TO_32_BIT_CONVERSION = YES;
				GCC_WARN_ABOUT_RETURN_TYPE = YES_ERROR;
				GCC_WARN_UNDECLARED_SELECTOR = YES;
				GCC_WARN_UNINITIALIZED_AUTOS = YES_AGGRESSIVE;
				GCC_WARN_UNUSED_FUNCTION = YES;
				GCC_WARN_UNUSED_VARIABLE = YES;
				IPHONEOS_DEPLOYMENT_TARGET = 11.1;
				MTL_ENABLE_DEBUG_INFO = YES;
				ONLY_ACTIVE_ARCH = YES;
				SDKROOT = iphoneos;
				SWIFT_ACTIVE_COMPILATION_CONDITIONS = DEBUG;
				SWIFT_OPTIMIZATION_LEVEL = "-Onone";
			};
			name = Debug;
		};
		D4ABEEBC1FD8AFB000B4F152 /* Release */ = {
			isa = XCBuildConfiguration;
			buildSettings = {
				ALWAYS_SEARCH_USER_PATHS = NO;
				CLANG_ANALYZER_NONNULL = YES;
				CLANG_ANALYZER_NUMBER_OBJECT_CONVERSION = YES_AGGRESSIVE;
				CLANG_CXX_LANGUAGE_STANDARD = "gnu++14";
				CLANG_CXX_LIBRARY = "libc++";
				CLANG_ENABLE_MODULES = YES;
				CLANG_ENABLE_OBJC_ARC = YES;
				CLANG_WARN_BLOCK_CAPTURE_AUTORELEASING = YES;
				CLANG_WARN_BOOL_CONVERSION = YES;
				CLANG_WARN_COMMA = YES;
				CLANG_WARN_CONSTANT_CONVERSION = YES;
				CLANG_WARN_DIRECT_OBJC_ISA_USAGE = YES_ERROR;
				CLANG_WARN_DOCUMENTATION_COMMENTS = YES;
				CLANG_WARN_EMPTY_BODY = YES;
				CLANG_WARN_ENUM_CONVERSION = YES;
				CLANG_WARN_INFINITE_RECURSION = YES;
				CLANG_WARN_INT_CONVERSION = YES;
				CLANG_WARN_NON_LITERAL_NULL_CONVERSION = YES;
				CLANG_WARN_OBJC_LITERAL_CONVERSION = YES;
				CLANG_WARN_OBJC_ROOT_CLASS = YES_ERROR;
				CLANG_WARN_RANGE_LOOP_ANALYSIS = YES;
				CLANG_WARN_STRICT_PROTOTYPES = YES;
				CLANG_WARN_SUSPICIOUS_MOVE = YES;
				CLANG_WARN_UNGUARDED_AVAILABILITY = YES_AGGRESSIVE;
				CLANG_WARN_UNREACHABLE_CODE = YES;
				CLANG_WARN__DUPLICATE_METHOD_MATCH = YES;
				CODE_SIGN_IDENTITY = "iPhone Developer";
				COPY_PHASE_STRIP = NO;
				DEBUG_INFORMATION_FORMAT = "dwarf-with-dsym";
				ENABLE_NS_ASSERTIONS = NO;
				ENABLE_STRICT_OBJC_MSGSEND = YES;
				GCC_C_LANGUAGE_STANDARD = gnu11;
				GCC_NO_COMMON_BLOCKS = YES;
				GCC_WARN_64_TO_32_BIT_CONVERSION = YES;
				GCC_WARN_ABOUT_RETURN_TYPE = YES_ERROR;
				GCC_WARN_UNDECLARED_SELECTOR = YES;
				GCC_WARN_UNINITIALIZED_AUTOS = YES_AGGRESSIVE;
				GCC_WARN_UNUSED_FUNCTION = YES;
				GCC_WARN_UNUSED_VARIABLE = YES;
				IPHONEOS_DEPLOYMENT_TARGET = 11.1;
				MTL_ENABLE_DEBUG_INFO = NO;
				SDKROOT = iphoneos;
				SWIFT_OPTIMIZATION_LEVEL = "-Owholemodule";
				VALIDATE_PRODUCT = YES;
			};
			name = Release;
		};
		D4ABEEBE1FD8AFB000B4F152 /* Debug */ = {
			isa = XCBuildConfiguration;
			buildSettings = {
				ASSETCATALOG_COMPILER_APPICON_NAME = AppIcon;
				CODE_SIGN_STYLE = Automatic;
				DEVELOPMENT_TEAM = RPB3854KB6;
				INFOPLIST_FILE = arabGleezi/Info.plist;
				LD_RUNPATH_SEARCH_PATHS = "$(inherited) @executable_path/Frameworks";
				PRODUCT_BUNDLE_IDENTIFIER = waddah.arabGleezi;
				PRODUCT_NAME = "$(TARGET_NAME)";
				SWIFT_VERSION = 4.0;
				TARGETED_DEVICE_FAMILY = "1,2";
			};
			name = Debug;
		};
		D4ABEEBF1FD8AFB000B4F152 /* Release */ = {
			isa = XCBuildConfiguration;
			buildSettings = {
				ASSETCATALOG_COMPILER_APPICON_NAME = AppIcon;
				CODE_SIGN_STYLE = Automatic;
				DEVELOPMENT_TEAM = RPB3854KB6;
				INFOPLIST_FILE = arabGleezi/Info.plist;
				LD_RUNPATH_SEARCH_PATHS = "$(inherited) @executable_path/Frameworks";
				PRODUCT_BUNDLE_IDENTIFIER = waddah.arabGleezi;
				PRODUCT_NAME = "$(TARGET_NAME)";
				SWIFT_VERSION = 4.0;
				TARGETED_DEVICE_FAMILY = "1,2";
			};
			name = Release;
		};
/* End XCBuildConfiguration section */

/* Begin XCConfigurationList section */
		D4ABEEA61FD8AFB000B4F152 /* Build configuration list for PBXProject "arabGleezi" */ = {
			isa = XCConfigurationList;
			buildConfigurations = (
				D4ABEEBB1FD8AFB000B4F152 /* Debug */,
				D4ABEEBC1FD8AFB000B4F152 /* Release */,
			);
			defaultConfigurationIsVisible = 0;
			defaultConfigurationName = Release;
		};
		D4ABEEBD1FD8AFB000B4F152 /* Build configuration list for PBXNativeTarget "arabGleezi" */ = {
			isa = XCConfigurationList;
			buildConfigurations = (
				D4ABEEBE1FD8AFB000B4F152 /* Debug */,
				D4ABEEBF1FD8AFB000B4F152 /* Release */,
			);
			defaultConfigurationIsVisible = 0;
			defaultConfigurationName = Release;
		};
/* End XCConfigurationList section */
	};
	rootObject = D4ABEEA31FD8AFB000B4F152 /* Project object */;
}
